<Solution>
  <Folder Name="/src/">
    <Project Path="src/Ganesha.DesignLab.Maui/Ganesha.DesignLab.Maui.csproj" />
    <Project Path="src/Ganesha.DesignLab.Shared/Ganesha.DesignLab.Shared.csproj" />
    <Project Path="src/Ganesha.DesignLab.Web/Ganesha.DesignLab.Web.csproj" />
  </Folder>
  <Folder Name="/tests/">
    <Project Path="tests/Ganesha.DesignLab.Shared.Tests/Ganesha.DesignLab.Shared.Tests.csproj" />
  </Folder>
</Solution>
